// !$*UTF8*$!
{
	archiveVersion = 1;
	classes = {
	};
	objectVersion = 56;
	objects = {

/* Begin PBXBuildFile section */
		2C1E8D6F2902FB3C00C8035C /* AppDelegate.swift in Sources */ = {isa = PBXBuildFile; fileRef = 2C1E8D6E2902FB3C00C8035C /* AppDelegate.swift */; };
		2C1E8D712902FB3C00C8035C /* SceneDelegate.swift in Sources */ = {isa = PBXBuildFile; fileRef = 2C1E8D702902FB3C00C8035C /* SceneDelegate.swift */; };
		2C1E8D732902FB3C00C8035C /* ViewController.swift in Sources */ = {isa = PBXBuildFile; fileRef = 2C1E8D722902FB3C00C8035C /* ViewController.swift */; };
		2C1E8D762902FB3C00C8035C /* Main.storyboard in Resources */ = {isa = PBXBuildFile; fileRef = 2C1E8D742902FB3C00C8035C /* Main.storyboard */; };
		2C1E8D782902FB3D00C8035C /* Assets.xcassets in Resources */ = {isa = PBXBuildFile; fileRef = 2C1E8D772902FB3D00C8035C /* Assets.xcassets */; };
		2C1E8D7B2902FB3D00C8035C /* LaunchScreen.storyboard in Resources */ = {isa = PBXBuildFile; fileRef = 2C1E8D792902FB3D00C8035C /* LaunchScreen.storyboard */; };
		2C480A3D2903178C00F235F8 /* WeatherManager.swift in Sources */ = {isa = PBXBuildFile; fileRef = 2C480A3C2903178C00F235F8 /* WeatherManager.swift */; };
		2C480A3F2903179600F235F8 /* WeatherModel.swift in Sources */ = {isa = PBXBuildFile; fileRef = 2C480A3E2903179600F235F8 /* WeatherModel.swift */; };
		2C480A41290317A100F235F8 /* WeatherData.swift in Sources */ = {isa = PBXBuildFile; fileRef = 2C480A40290317A100F235F8 /* WeatherData.swift */; };
		2C480A4329031DC400F235F8 /* SearchViewController.swift in Sources */ = {isa = PBXBuildFile; fileRef = 2C480A4229031DC400F235F8 /* SearchViewController.swift */; };
		2C480A472903B54000F235F8 /* DailyForecastManager.swift in Sources */ = {isa = PBXBuildFile; fileRef = 2C480A462903B54000F235F8 /* DailyForecastManager.swift */; };
		2C480A492903B54B00F235F8 /* DailyForecastModel.swift in Sources */ = {isa = PBXBuildFile; fileRef = 2C480A482903B54B00F235F8 /* DailyForecastModel.swift */; };
		2C480A4B2903B55700F235F8 /* DailyForecastData.swift in Sources */ = {isa = PBXBuildFile; fileRef = 2C480A4A2903B55700F235F8 /* DailyForecastData.swift */; };
		2C849DAF2904502300111D92 /* Utility.swift in Sources */ = {isa = PBXBuildFile; fileRef = 2C849DAE2904502300111D92 /* Utility.swift */; };
/* End PBXBuildFile section */

/* Begin PBXFileReference section */
		2C1E8D6B2902FB3C00C8035C /* WeatherApp.app */ = {isa = PBXFileReference; explicitFileType = wrapper.application; includeInIndex = 0; path = WeatherApp.app; sourceTree = BUILT_PRODUCTS_DIR; };
		2C1E8D6E2902FB3C00C8035C /* AppDelegate.swift */ = {isa = PBXFileReference; lastKnownFileType = sourcecode.swift; path = AppDelegate.swift; sourceTree = "<group>"; };
		2C1E8D702902FB3C00C8035C /* SceneDelegate.swift */ = {isa = PBXFileReference; lastKnownFileType = sourcecode.swift; path = SceneDelegate.swift; sourceTree = "<group>"; };
		2C1E8D722902FB3C00C8035C /* ViewController.swift */ = {isa = PBXFileReference; lastKnownFileType = sourcecode.swift; path = ViewController.swift; sourceTree = "<group>"; };
		2C1E8D752902FB3C00C8035C /* Base */ = {isa = PBXFileReference; lastKnownFileType = file.storyboard; name = Base; path = Base.lproj/Main.storyboard; sourceTree = "<group>"; };
		2C1E8D772902FB3D00C8035C /* Assets.xcassets */ = {isa = PBXFileReference; lastKnownFileType = folder.assetcatalog; path = Assets.xcassets; sourceTree = "<group>"; };
		2C1E8D7A2902FB3D00C8035C /* Base */ = {isa = PBXFileReference; lastKnownFileType = file.storyboard; name = Base; path = Base.lproj/LaunchScreen.storyboard; sourceTree = "<group>"; };
		2C1E8D7C2902FB3D00C8035C /* Info.plist */ = {isa = PBXFileReference; lastKnownFileType = text.plist.xml; path = Info.plist; sourceTree = "<group>"; };
		2C480A3C2903178C00F235F8 /* WeatherManager.swift */ = {isa = PBXFileReference; lastKnownFileType = sourcecode.swift; path = WeatherManager.swift; sourceTree = "<group>"; };
		2C480A3E2903179600F235F8 /* WeatherModel.swift */ = {isa = PBXFileReference; lastKnownFileType = sourcecode.swift; path = WeatherModel.swift; sourceTree = "<group>"; };
		2C480A40290317A100F235F8 /* WeatherData.swift */ = {isa = PBXFileReference; lastKnownFileType = sourcecode.swift; path = WeatherData.swift; sourceTree = "<group>"; };
		2C480A4229031DC400F235F8 /* SearchViewController.swift */ = {isa = PBXFileReference; lastKnownFileType = sourcecode.swift; path = SearchViewController.swift; sourceTree = "<group>"; };
		2C480A462903B54000F235F8 /* DailyForecastManager.swift */ = {isa = PBXFileReference; lastKnownFileType = sourcecode.swift; path = DailyForecastManager.swift; sourceTree = "<group>"; };
		2C480A482903B54B00F235F8 /* DailyForecastModel.swift */ = {isa = PBXFileReference; lastKnownFileType = sourcecode.swift; path = DailyForecastModel.swift; sourceTree = "<group>"; };
		2C480A4A2903B55700F235F8 /* DailyForecastData.swift */ = {isa = PBXFileReference; lastKnownFileType = sourcecode.swift; path = DailyForecastData.swift; sourceTree = "<group>"; };
		2C849DAE2904502300111D92 /* Utility.swift */ = {isa = PBXFileReference; lastKnownFileType = sourcecode.swift; path = Utility.swift; sourceTree = "<group>"; };
/* End PBXFileReference section */

/* Begin PBXFrameworksBuildPhase section */
		2C1E8D682902FB3C00C8035C /* Frameworks */ = {
			isa = PBXFrameworksBuildPhase;
			buildActionMask = 2147483647;
			files = (
			);
			runOnlyForDeploymentPostprocessing = 0;
		};
/* End PBXFrameworksBuildPhase section */

/* Begin PBXGroup section */
		2C1E8D622902FB3C00C8035C = {
			isa = PBXGroup;
			children = (
				2C1E8D6D2902FB3C00C8035C /* WeatherApp */,
				2C1E8D6C2902FB3C00C8035C /* Products */,
			);
			sourceTree = "<group>";
		};
		2C1E8D6C2902FB3C00C8035C /* Products */ = {
			isa = PBXGroup;
			children = (
				2C1E8D6B2902FB3C00C8035C /* WeatherApp.app */,
			);
			name = Products;
			sourceTree = "<group>";
		};
		2C1E8D6D2902FB3C00C8035C /* WeatherApp */ = {
			isa = PBXGroup;
			children = (
				2C849DAD2904501600111D92 /* Extensions */,
				2C480A3B2903172A00F235F8 /* Model */,
				2C480A3A2903172300F235F8 /* View */,
				2C480A392903171D00F235F8 /* Controller */,
				2C1E8D6E2902FB3C00C8035C /* AppDelegate.swift */,
				2C1E8D702902FB3C00C8035C /* SceneDelegate.swift */,
				2C1E8D772902FB3D00C8035C /* Assets.xcassets */,
				2C1E8D792902FB3D00C8035C /* LaunchScreen.storyboard */,
				2C1E8D7C2902FB3D00C8035C /* Info.plist */,
			);
			path = WeatherApp;
			sourceTree = "<group>";
		};
		2C480A392903171D00F235F8 /* Controller */ = {
			isa = PBXGroup;
			children = (
				2C1E8D722902FB3C00C8035C /* ViewController.swift */,
				2C480A4229031DC400F235F8 /* SearchViewController.swift */,
			);
			path = Controller;
			sourceTree = "<group>";
		};
		2C480A3A2903172300F235F8 /* View */ = {
			isa = PBXGroup;
			children = (
				2C1E8D742902FB3C00C8035C /* Main.storyboard */,
			);
			path = View;
			sourceTree = "<group>";
		};
		2C480A3B2903172A00F235F8 /* Model */ = {
			isa = PBXGroup;
			children = (
				2C480A4529032D5600F235F8 /* FiveDayForecast */,
				2C480A4429032D2600F235F8 /* CurrentWeather */,
			);
			path = Model;
			sourceTree = "<group>";
		};
		2C480A4429032D2600F235F8 /* CurrentWeather */ = {
			isa = PBXGroup;
			children = (
				2C480A3C2903178C00F235F8 /* WeatherManager.swift */,
				2C480A3E2903179600F235F8 /* WeatherModel.swift */,
				2C480A40290317A100F235F8 /* WeatherData.swift */,
			);
			path = CurrentWeather;
			sourceTree = "<group>";
		};
		2C480A4529032D5600F235F8 /* FiveDayForecast */ = {
			isa = PBXGroup;
			children = (
				2C480A462903B54000F235F8 /* DailyForecastManager.swift */,
				2C480A482903B54B00F235F8 /* DailyForecastModel.swift */,
				2C480A4A2903B55700F235F8 /* DailyForecastData.swift */,
			);
			path = FiveDayForecast;
			sourceTree = "<group>";
		};
		2C849DAD2904501600111D92 /* Extensions */ = {
			isa = PBXGroup;
			children = (
				2C849DAE2904502300111D92 /* Utility.swift */,
			);
			path = Extensions;
			sourceTree = "<group>";
		};
/* End PBXGroup section */

/* Begin PBXNativeTarget section */
		2C1E8D6A2902FB3C00C8035C /* WeatherApp */ = {
			isa = PBXNativeTarget;
			buildConfigurationList = 2C1E8D7F2902FB3D00C8035C /* Build configuration list for PBXNativeTarget "WeatherApp" */;
			buildPhases = (
				2C1E8D672902FB3C00C8035C /* Sources */,
				2C1E8D682902FB3C00C8035C /* Frameworks */,
				2C1E8D692902FB3C00C8035C /* Resources */,
			);
			buildRules = (
			);
			dependencies = (
			);
			name = WeatherApp;
			productName = WeatherApp;
			productReference = 2C1E8D6B2902FB3C00C8035C /* WeatherApp.app */;
			productType = "com.apple.product-type.application";
		};
/* End PBXNativeTarget section */

/* Begin PBXProject section */
		2C1E8D632902FB3C00C8035C /* Project object */ = {
			isa = PBXProject;
			attributes = {
				BuildIndependentTargetsInParallel = 1;
				LastSwiftUpdateCheck = 1400;
				LastUpgradeCheck = 1400;
				TargetAttributes = {
					2C1E8D6A2902FB3C00C8035C = {
						CreatedOnToolsVersion = 14.0.1;
					};
				};
			};
			buildConfigurationList = 2C1E8D662902FB3C00C8035C /* Build configuration list for PBXProject "WeatherApp" */;
			compatibilityVersion = "Xcode 14.0";
			developmentRegion = en;
			hasScannedForEncodings = 0;
			knownRegions = (
				en,
				Base,
			);
			mainGroup = 2C1E8D622902FB3C00C8035C;
			productRefGroup = 2C1E8D6C2902FB3C00C8035C /* Products */;
			projectDirPath = "";
			projectRoot = "";
			targets = (
				2C1E8D6A2902FB3C00C8035C /* WeatherApp */,
			);
		};
/* End PBXProject section */

/* Begin PBXResourcesBuildPhase section */
		2C1E8D692902FB3C00C8035C /* Resources */ = {
			isa = PBXResourcesBuildPhase;
			buildActionMask = 2147483647;
			files = (
				2C1E8D7B2902FB3D00C8035C /* LaunchScreen.storyboard in Resources */,
				2C1E8D782902FB3D00C8035C /* Assets.xcassets in Resources */,
				2C1E8D762902FB3C00C8035C /* Main.storyboard in Resources */,
			);
			runOnlyForDeploymentPostprocessing = 0;
		};
/* End PBXResourcesBuildPhase section */

/* Begin PBXSourcesBuildPhase section */
		2C1E8D672902FB3C00C8035C /* Sources */ = {
			isa = PBXSourcesBuildPhase;
			buildActionMask = 2147483647;
			files = (
				2C480A492903B54B00F235F8 /* DailyForecastModel.swift in Sources */,
				2C1E8D732902FB3C00C8035C /* ViewController.swift in Sources */,
				2C480A4B2903B55700F235F8 /* DailyForecastData.swift in Sources */,
				2C849DAF2904502300111D92 /* Utility.swift in Sources */,
				2C480A4329031DC400F235F8 /* SearchViewController.swift in Sources */,
				2C480A472903B54000F235F8 /* DailyForecastManager.swift in Sources */,
				2C1E8D6F2902FB3C00C8035C /* AppDelegate.swift in Sources */,
				2C480A3D2903178C00F235F8 /* WeatherManager.swift in Sources */,
				2C1E8D712902FB3C00C8035C /* SceneDelegate.swift in Sources */,
				2C480A41290317A100F235F8 /* WeatherData.swift in Sources */,
				2C480A3F2903179600F235F8 /* WeatherModel.swift in Sources */,
			);
			runOnlyForDeploymentPostprocessing = 0;
		};
/* End PBXSourcesBuildPhase section */

/* Begin PBXVariantGroup section */
		2C1E8D742902FB3C00C8035C /* Main.storyboard */ = {
			isa = PBXVariantGroup;
			children = (
				2C1E8D752902FB3C00C8035C /* Base */,
			);
			name = Main.storyboard;
			sourceTree = "<group>";
		};
		2C1E8D792902FB3D00C8035C /* LaunchScreen.storyboard */ = {
			isa = PBXVariantGroup;
			children = (
				2C1E8D7A2902FB3D00C8035C /* Base */,
			);
			name = LaunchScreen.storyboard;
			sourceTree = "<group>";
		};
/* End PBXVariantGroup section */

/* Begin XCBuildConfiguration section */
		2C1E8D7D2902FB3D00C8035C /* Debug */ = {
			isa = XCBuildConfiguration;
			buildSettings = {
				ALWAYS_SEARCH_USER_PATHS = NO;
				CLANG_ANALYZER_NONNULL = YES;
				CLANG_ANALYZER_NUMBER_OBJECT_CONVERSION = YES_AGGRESSIVE;
				CLANG_CXX_LANGUAGE_STANDARD = "gnu++20";
				CLANG_ENABLE_MODULES = YES;
				CLANG_ENABLE_OBJC_ARC = YES;
				CLANG_ENABLE_OBJC_WEAK = YES;
				CLANG_WARN_BLOCK_CAPTURE_AUTORELEASING = YES;
				CLANG_WARN_BOOL_CONVERSION = YES;
				CLANG_WARN_COMMA = YES;
				CLANG_WARN_CONSTANT_CONVERSION = YES;
				CLANG_WARN_DEPRECATED_OBJC_IMPLEMENTATIONS = YES;
				CLANG_WARN_DIRECT_OBJC_ISA_USAGE = YES_ERROR;
				CLANG_WARN_DOCUMENTATION_COMMENTS = YES;
				CLANG_WARN_EMPTY_BODY = YES;
				CLANG_WARN_ENUM_CONVERSION = YES;
				CLANG_WARN_INFINITE_RECURSION = YES;
				CLANG_WARN_INT_CONVERSION = YES;
				CLANG_WARN_NON_LITERAL_NULL_CONVERSION = YES;
				CLANG_WARN_OBJC_IMPLICIT_RETAIN_SELF = YES;
				CLANG_WARN_OBJC_LITERAL_CONVERSION = YES;
				CLANG_WARN_OBJC_ROOT_CLASS = YES_ERROR;
				CLANG_WARN_QUOTED_INCLUDE_IN_FRAMEWORK_HEADER = YES;
				CLANG_WARN_RANGE_LOOP_ANALYSIS = YES;
				CLANG_WARN_STRICT_PROTOTYPES = YES;
				CLANG_WARN_SUSPICIOUS_MOVE = YES;
				CLANG_WARN_UNGUARDED_AVAILABILITY = YES_AGGRESSIVE;
				CLANG_WARN_UNREACHABLE_CODE = YES;
				CLANG_WARN__DUPLICATE_METHOD_MATCH = YES;
				COPY_PHASE_STRIP = NO;
				DEBUG_INFORMATION_FORMAT = dwarf;
				ENABLE_STRICT_OBJC_MSGSEND = YES;
				ENABLE_TESTABILITY = YES;
				GCC_C_LANGUAGE_STANDARD = gnu11;
				GCC_DYNAMIC_NO_PIC = NO;
				GCC_NO_COMMON_BLOCKS = YES;
				GCC_OPTIMIZATION_LEVEL = 0;
				GCC_PREPROCESSOR_DEFINITIONS = (
					"DEBUG=1",
					"$(inherited)",
				);
				GCC_WARN_64_TO_32_BIT_CONVERSION = YES;
				GCC_WARN_ABOUT_RETURN_TYPE = YES_ERROR;
				GCC_WARN_UNDECLARED_SELECTOR = YES;
				GCC_WARN_UNINITIALIZED_AUTOS = YES_AGGRESSIVE;
				GCC_WARN_UNUSED_FUNCTION = YES;
				GCC_WARN_UNUSED_VARIABLE = YES;
				IPHONEOS_DEPLOYMENT_TARGET = 16.0;
				MTL_ENABLE_DEBUG_INFO = INCLUDE_SOURCE;
				MTL_FAST_MATH = YES;
				ONLY_ACTIVE_ARCH = YES;
				SDKROOT = iphoneos;
				SWIFT_ACTIVE_COMPILATION_CONDITIONS = DEBUG;
				SWIFT_OPTIMIZATION_LEVEL = "-Onone";
			};
			name = Debug;
		};
		2C1E8D7E2902FB3D00C8035C /* Release */ = {
			isa = XCBuildConfiguration;
			buildSettings = {
				ALWAYS_SEARCH_USER_PATHS = NO;
				CLANG_ANALYZER_NONNULL = YES;
				CLANG_ANALYZER_NUMBER_OBJECT_CONVERSION = YES_AGGRESSIVE;
				CLANG_CXX_LANGUAGE_STANDARD = "gnu++20";
				CLANG_ENABLE_MODULES = YES;
				CLANG_ENABLE_OBJC_ARC = YES;
				CLANG_ENABLE_OBJC_WEAK = YES;
				CLANG_WARN_BLOCK_CAPTURE_AUTORELEASING = YES;
				CLANG_WARN_BOOL_CONVERSION = YES;
				CLANG_WARN_COMMA = YES;
				CLANG_WARN_CONSTANT_CONVERSION = YES;
				CLANG_WARN_DEPRECATED_OBJC_IMPLEMENTATIONS = YES;
				CLANG_WARN_DIRECT_OBJC_ISA_USAGE = YES_ERROR;
				CLANG_WARN_DOCUMENTATION_COMMENTS = YES;
				CLANG_WARN_EMPTY_BODY = YES;
				CLANG_WARN_ENUM_CONVERSION = YES;
				CLANG_WARN_INFINITE_RECURSION = YES;
				CLANG_WARN_INT_CONVERSION = YES;
				CLANG_WARN_NON_LITERAL_NULL_CONVERSION = YES;
				CLANG_WARN_OBJC_IMPLICIT_RETAIN_SELF = YES;
				CLANG_WARN_OBJC_LITERAL_CONVERSION = YES;
				CLANG_WARN_OBJC_ROOT_CLASS = YES_ERROR;
				CLANG_WARN_QUOTED_INCLUDE_IN_FRAMEWORK_HEADER = YES;
				CLANG_WARN_RANGE_LOOP_ANALYSIS = YES;
				CLANG_WARN_STRICT_PROTOTYPES = YES;
				CLANG_WARN_SUSPICIOUS_MOVE = YES;
				CLANG_WARN_UNGUARDED_AVAILABILITY = YES_AGGRESSIVE;
				CLANG_WARN_UNREACHABLE_CODE = YES;
				CLANG_WARN__DUPLICATE_METHOD_MATCH = YES;
				COPY_PHASE_STRIP = NO;
				DEBUG_INFORMATION_FORMAT = "dwarf-with-dsym";
				ENABLE_NS_ASSERTIONS = NO;
				ENABLE_STRICT_OBJC_MSGSEND = YES;
				GCC_C_LANGUAGE_STANDARD = gnu11;
				GCC_NO_COMMON_BLOCKS = YES;
				GCC_WARN_64_TO_32_BIT_CONVERSION = YES;
				GCC_WARN_ABOUT_RETURN_TYPE = YES_ERROR;
				GCC_WARN_UNDECLARED_SELECTOR = YES;
				GCC_WARN_UNINITIALIZED_AUTOS = YES_AGGRESSIVE;
				GCC_WARN_UNUSED_FUNCTION = YES;
				GCC_WARN_UNUSED_VARIABLE = YES;
				IPHONEOS_DEPLOYMENT_TARGET = 16.0;
				MTL_ENABLE_DEBUG_INFO = NO;
				MTL_FAST_MATH = YES;
				SDKROOT = iphoneos;
				SWIFT_COMPILATION_MODE = wholemodule;
				SWIFT_OPTIMIZATION_LEVEL = "-O";
				VALIDATE_PRODUCT = YES;
			};
			name = Release;
		};
		2C1E8D802902FB3D00C8035C /* Debug */ = {
			isa = XCBuildConfiguration;
			buildSettings = {
				ASSETCATALOG_COMPILER_APPICON_NAME = AppIcon;
				ASSETCATALOG_COMPILER_GLOBAL_ACCENT_COLOR_NAME = AccentColor;
				CODE_SIGN_STYLE = Automatic;
				CURRENT_PROJECT_VERSION = 1;
				DEVELOPMENT_TEAM = 49Z33V7QZW;
				GENERATE_INFOPLIST_FILE = YES;
				INFOPLIST_FILE = WeatherApp/Info.plist;
				INFOPLIST_KEY_CFBundleDisplayName = "Weather+";
				INFOPLIST_KEY_LSApplicationCategoryType = "public.app-category.weather";
				INFOPLIST_KEY_UIApplicationSupportsIndirectInputEvents = YES;
				INFOPLIST_KEY_UILaunchStoryboardName = LaunchScreen;
				INFOPLIST_KEY_UIMainStoryboardFile = Main;
				INFOPLIST_KEY_UISupportedInterfaceOrientations = UIInterfaceOrientationPortrait;
				IPHONEOS_DEPLOYMENT_TARGET = 14.0;
				LD_RUNPATH_SEARCH_PATHS = (
					"$(inherited)",
					"@executable_path/Frameworks",
				);
				MARKETING_VERSION = 1.0;
				PRODUCT_BUNDLE_IDENTIFIER = com.sameddagl.WeatherApp;
				PRODUCT_NAME = "$(TARGET_NAME)";
				SUPPORTED_PLATFORMS = "iphoneos iphonesimulator";
				SUPPORTS_MACCATALYST = NO;
				SUPPORTS_MAC_DESIGNED_FOR_IPHONE_IPAD = NO;
				SWIFT_EMIT_LOC_STRINGS = YES;
				SWIFT_VERSION = 5.0;
				TARGETED_DEVICE_FAMILY = 1;
			};
			name = Debug;
		};
		2C1E8D812902FB3D00C8035C /* Release */ = {
			isa = XCBuildConfiguration;
			buildSettings = {
				ASSETCATALOG_COMPILER_APPICON_NAME = AppIcon;
				ASSETCATALOG_COMPILER_GLOBAL_ACCENT_COLOR_NAME = AccentColor;
				CODE_SIGN_STYLE = Automatic;
				CURRENT_PROJECT_VERSION = 1;
				DEVELOPMENT_TEAM = 49Z33V7QZW;
				GENERATE_INFOPLIST_FILE = YES;
				INFOPLIST_FILE = WeatherApp/Info.plist;
				INFOPLIST_KEY_CFBundleDisplayName = "Weather+";
				INFOPLIST_KEY_LSApplicationCategoryType = "public.app-category.weather";
				INFOPLIST_KEY_UIApplicationSupportsIndirectInputEvents = YES;
				INFOPLIST_KEY_UILaunchStoryboardName = LaunchScreen;
				INFOPLIST_KEY_UIMainStoryboardFile = Main;
				INFOPLIST_KEY_UISupportedInterfaceOrientations = UIInterfaceOrientationPortrait;
				IPHONEOS_DEPLOYMENT_TARGET = 14.0;
				LD_RUNPATH_SEARCH_PATHS = (
					"$(inherited)",
					"@executable_path/Frameworks",
				);
				MARKETING_VERSION = 1.0;
				PRODUCT_BUNDLE_IDENTIFIER = com.sameddagl.WeatherApp;
				PRODUCT_NAME = "$(TARGET_NAME)";
				SUPPORTED_PLATFORMS = "iphoneos iphonesimulator";
				SUPPORTS_MACCATALYST = NO;
				SUPPORTS_MAC_DESIGNED_FOR_IPHONE_IPAD = NO;
				SWIFT_EMIT_LOC_STRINGS = YES;
				SWIFT_VERSION = 5.0;
				TARGETED_DEVICE_FAMILY = 1;
			};
			name = Release;
		};
/* End XCBuildConfiguration section */

/* Begin XCConfigurationList section */
		2C1E8D662902FB3C00C8035C /* Build configuration list for PBXProject "WeatherApp" */ = {
			isa = XCConfigurationList;
			buildConfigurations = (
				2C1E8D7D2902FB3D00C8035C /* Debug */,
				2C1E8D7E2902FB3D00C8035C /* Release */,
			);
			defaultConfigurationIsVisible = 0;
			defaultConfigurationName = Release;
		};
		2C1E8D7F2902FB3D00C8035C /* Build configuration list for PBXNativeTarget "WeatherApp" */ = {
			isa = XCConfigurationList;
			buildConfigurations = (
				2C1E8D802902FB3D00C8035C /* Debug */,
				2C1E8D812902FB3D00C8035C /* Release */,
			);
			defaultConfigurationIsVisible = 0;
			defaultConfigurationName = Release;
		};
/* End XCConfigurationList section */
	};
	rootObject = 2C1E8D632902FB3C00C8035C /* Project object */;
}
